{
  "name": "parsip",
  "version": "1.0.5",
  "lockfileVersion": 1,
  "requires": true,
  "dependencies": {
    "debug": {
      "version": "4.3.4",
      "resolved": "https://registry.npmjs.org/debug/-/debug-4.3.4.tgz",
      "integrity": "sha512-PRWFHuSU3eDtQJPvnNY7Jcket1j0t5OuOsFzPPzsekD52Zl8qUfFIPEiswXqIvHWGVHOgX+7G/vCNNhehwxfkQ==",
      "requires": {
        "ms": "2.1.2"
      }
    },
    "jwt-decode": {
      "version": "3.1.2",
      "resolved": "https://registry.npmjs.org/jwt-decode/-/jwt-decode-3.1.2.tgz",
      "integrity": "sha512-UfpWE/VZn0iP50d8cz9NrZLM9lSWhcJ+0Gt/nm4by88UL+J1SiKN8/5dkjMmbEzwL2CAe+67GsegCbIKtbp75A=="
    },
    "ms": {
      "version": "2.1.2",
      "resolved": "https://registry.npmjs.org/ms/-/ms-2.1.2.tgz",
      "integrity": "sha512-sGkPx+VjMtmA6MX27oA4FBFELFCZZ4S4XqeGOXCv68tT+jb3vk/RyaKWP0PTKyWtmLSM0b+adUTEvbs1PEaH2w=="
    },
    "sdp-transform": {
      "version": "2.14.2",
      "resolved": "https://registry.npmjs.org/sdp-transform/-/sdp-transform-2.14.2.tgz",
      "integrity": "sha512-icY6jVao7MfKCieyo1AyxFYm1baiM+fA00qW/KrNNVlkxHAd34riEKuEkUe4bBb3gJwLJZM+xT60Yj1QL8rHiA=="
    }
  }
}
